
Microsoft Visual Studio Solution File, Format Version 12.00
# Visual Studio for Mac
Project("{FAE04EC0-301F-11D3-BF4B-00C04F79EFBC}") = "Assembly-CSharp", "Assembly-CSharp.csproj", "{BD04F579-5BD6-792C-7D68-0D6285E8FFB0}"
EndProject
Project("{FAE04EC0-301F-11D3-BF4B-00C04F79EFBC}") = "VuforiaScripts", "VuforiaScripts.csproj", "{2B53531A-D49C-33EE-30BA-7948B7607FFB}"
EndProject
Project("{FAE04EC0-301F-11D3-BF4B-00C04F79EFBC}") = "VuforiaEditorScripts", "VuforiaEditorScripts.csproj", "{FA99487E-DC76-36F4-C32A-E242900A507D}"
EndProject
Global
	GlobalSection(SolutionConfigurationPlatforms) = preSolution
		Debug|Any CPU = Debug|Any CPU
		Release|Any CPU = Release|Any CPU
	EndGlobalSection
	GlobalSection(ProjectConfigurationPlatforms) = postSolution
		{BD04F579-5BD6-792C-7D68-0D6285E8FFB0}.Debug|Any CPU.ActiveCfg = Debug|Any CPU
		{BD04F579-5BD6-792C-7D68-0D6285E8FFB0}.Debug|Any CPU.Build.0 = Debug|Any CPU
		{BD04F579-5BD6-792C-7D68-0D6285E8FFB0}.Release|Any CPU.ActiveCfg = Release|Any CPU
		{BD04F579-5BD6-792C-7D68-0D6285E8FFB0}.Release|Any CPU.Build.0 = Release|Any CPU
		{2B53531A-D49C-33EE-30BA-7948B7607FFB}.Debug|Any CPU.ActiveCfg = Debug|Any CPU
		{2B53531A-D49C-33EE-30BA-7948B7607FFB}.Debug|Any CPU.Build.0 = Debug|Any CPU
		{2B53531A-D49C-33EE-30BA-7948B7607FFB}.Release|Any CPU.ActiveCfg = Release|Any CPU
		{2B53531A-D49C-33EE-30BA-7948B7607FFB}.Release|Any CPU.Build.0 = Release|Any CPU
		{FA99487E-DC76-36F4-C32A-E242900A507D}.Debug|Any CPU.ActiveCfg = Debug|Any CPU
		{FA99487E-DC76-36F4-C32A-E242900A507D}.Debug|Any CPU.Build.0 = Debug|Any CPU
		{FA99487E-DC76-36F4-C32A-E242900A507D}.Release|Any CPU.ActiveCfg = Release|Any CPU
		{FA99487E-DC76-36F4-C32A-E242900A507D}.Release|Any CPU.Build.0 = Release|Any CPU
	EndGlobalSection
	GlobalSection(SolutionProperties) = preSolution
		HideSolutionNode = FALSE
	EndGlobalSection
EndGlobal
